
Microsoft Visual Studio Solution File, Format Version 12.00
# Visual Studio Version 17
VisualStudioVersion = 17.6.33829.357
MinimumVisualStudioVersion = 10.0.40219.1
Project("{FAE04EC0-301F-11D3-BF4B-00C04F79EFBC}") = "WebServer.Docker", "WebServer.Docker\WebServer.Docker.csproj", "{2F95156E-9E1C-439A-8EDB-8FA0EFD03257}"
EndProject
Global
	GlobalSection(SolutionConfigurationPlatforms) = preSolution
		Debug|Any CPU = Debug|Any CPU
		Release|Any CPU = Release|Any CPU
	EndGlobalSection
	GlobalSection(ProjectConfigurationPlatforms) = postSolution
		{2F95156E-9E1C-439A-8EDB-8FA0EFD03257}.Debug|Any CPU.ActiveCfg = Debug|Any CPU
		{2F95156E-9E1C-439A-8EDB-8FA0EFD03257}.Debug|Any CPU.Build.0 = Debug|Any CPU
		{2F95156E-9E1C-439A-8EDB-8FA0EFD03257}.Release|Any CPU.ActiveCfg = Release|Any CPU
		{2F95156E-9E1C-439A-8EDB-8FA0EFD03257}.Release|Any CPU.Build.0 = Release|Any CPU
	EndGlobalSection
	GlobalSection(SolutionProperties) = preSolution
		HideSolutionNode = FALSE
	EndGlobalSection
	GlobalSection(ExtensibilityGlobals) = postSolution
		SolutionGuid = {CC4E8618-5339-41EE-8429-A8F921648814}
	EndGlobalSection
EndGlobal
